# THIS IS AN AUTOGENERATED FILE. DO NOT EDIT THIS FILE DIRECTLY.
# yarn lockfile v1


"@types/prop-types@*":
  version "15.7.0"
  resolved "https://registry.yarnpkg.com/@types/prop-types/-/prop-types-15.7.0.tgz#4c48fed958d6dcf9487195a0ef6456d5f6e0163a"
  integrity sha512-eItQyV43bj4rR3JPV0Skpl1SncRCdziTEK9/v8VwXmV6d/qOUO8/EuWeHBbCZcsfSHfzI5UyMJLCSXtxxznyZg==

"@types/react@^16.8":
  version "16.8.4"
  resolved "https://registry.yarnpkg.com/@types/react/-/react-16.8.4.tgz#134307f5266e866d5e7c25e47f31f9abd5b2ea34"
  integrity sha512-Mpz1NNMJvrjf0GcDqiK8+YeOydXfD8Mgag3UtqQ5lXYTsMnOiHcKmO48LiSWMb1rSHB9MV/jlgyNzeAVxWMZRQ==
  dependencies:
    "@types/prop-types" "*"
    csstype "^2.2.0"

csstype@^2.2.0:
  version "2.6.1"
  resolved "https://registry.yarnpkg.com/csstype/-/csstype-2.6.1.tgz#4cfbf637a577497036ebcd7e32647ef19a0b8076"
  integrity sha512-wv7IRqCGsL7WGKB8gPvrl+++HlFM9kxAM6jL1EXNPNTshEJYilMkbfS2SnuHha77uosp/YVK0wAp2jmlBzn1tg==

framer@^1.0:
  version "1.0.2"
  resolved "https://registry.yarnpkg.com/framer/-/framer-1.0.2.tgz#9d9a523e00f1e2b059f2b0b3ad850ff468fc53fe"
  integrity sha512-/EenhGgBTZA7CxmrUEz/8lCLVCs/BhbsUy+avGmxUbaZugOv7D4iJ9e44pYqqHpeDsAs8ulHUhrknp3RHxDrrA==
  dependencies:
    style-value-types "^3.1.4"

hey-listen@^1.0.8:
  version "1.0.8"
  resolved "https://registry.yarnpkg.com/hey-listen/-/hey-listen-1.0.8.tgz#8e59561ff724908de1aa924ed6ecc84a56a9aa68"
  integrity sha512-COpmrF2NOg4TBWUJ5UVyaCU2A88wEMkUPK4hNqyCkqHbxT92BbvfjoSozkAIIm6XhicGlJHhFdullInrdhwU8Q==

style-value-types@^3.1.4:
  version "3.1.4"
  resolved "https://registry.yarnpkg.com/style-value-types/-/style-value-types-3.1.4.tgz#8c0959d26405eb0cbad40097b496220d41c22169"
  integrity sha512-jHxRZWQpx6imY+QIveHTZwGOJWJqX3Cmt6Yk1zCGeQjk4noEsX+lfvFJUmRPpZL3VTrfGrHtjVWTcvcHx/OFhQ==
  dependencies:
    hey-listen "^1.0.8"
